
Microsoft Visual Studio Solution File, Format Version 12.00
# Visual Studio Version 16
VisualStudioVersion = 16.0.32228.343
MinimumVisualStudioVersion = 10.0.40219.1
Project("{FAE04EC0-301F-11D3-BF4B-00C04F79EFBC}") = "CSharp", "CSharp\CSharp.csproj", "{94A050CE-CB58-4A61-90FC-C3500B4175CC}"
EndProject
Global
	GlobalSection(SolutionConfigurationPlatforms) = preSolution
		Debug|Any CPU = Debug|Any CPU
		Release|Any CPU = Release|Any CPU
	EndGlobalSection
	GlobalSection(ProjectConfigurationPlatforms) = postSolution
		{94A050CE-CB58-4A61-90FC-C3500B4175CC}.Debug|Any CPU.ActiveCfg = Debug|Any CPU
		{94A050CE-CB58-4A61-90FC-C3500B4175CC}.Debug|Any CPU.Build.0 = Debug|Any CPU
		{94A050CE-CB58-4A61-90FC-C3500B4175CC}.Release|Any CPU.ActiveCfg = Release|Any CPU
		{94A050CE-CB58-4A61-90FC-C3500B4175CC}.Release|Any CPU.Build.0 = Release|Any CPU
	EndGlobalSection
	GlobalSection(SolutionProperties) = preSolution
		HideSolutionNode = FALSE
	EndGlobalSection
	GlobalSection(ExtensibilityGlobals) = postSolution
		SolutionGuid = {56A6906A-72CC-4CE2-9EB9-5E119228F6BE}
	EndGlobalSection
EndGlobal
