
Microsoft Visual Studio Solution File, Format Version 12.00
# Visual Studio Version 16
VisualStudioVersion = 16.0.32228.343
MinimumVisualStudioVersion = 10.0.40219.1
Project("{FAE04EC0-301F-11D3-BF4B-00C04F79EFBC}") = "Csharp6", "Csharp6\Csharp6.csproj", "{3E3C8DE8-C9B4-49AC-A3F2-A10742037193}"
EndProject
Global
	GlobalSection(SolutionConfigurationPlatforms) = preSolution
		Debug|Any CPU = Debug|Any CPU
		Release|Any CPU = Release|Any CPU
	EndGlobalSection
	GlobalSection(ProjectConfigurationPlatforms) = postSolution
		{3E3C8DE8-C9B4-49AC-A3F2-A10742037193}.Debug|Any CPU.ActiveCfg = Debug|Any CPU
		{3E3C8DE8-C9B4-49AC-A3F2-A10742037193}.Debug|Any CPU.Build.0 = Debug|Any CPU
		{3E3C8DE8-C9B4-49AC-A3F2-A10742037193}.Release|Any CPU.ActiveCfg = Release|Any CPU
		{3E3C8DE8-C9B4-49AC-A3F2-A10742037193}.Release|Any CPU.Build.0 = Release|Any CPU
	EndGlobalSection
	GlobalSection(SolutionProperties) = preSolution
		HideSolutionNode = FALSE
	EndGlobalSection
	GlobalSection(ExtensibilityGlobals) = postSolution
		SolutionGuid = {DC7F4A29-A5FB-4153-8FD3-AD4C33850F1C}
	EndGlobalSection
EndGlobal
